# This file is automatically @generated by Cargo.
# It is not intended for manual editing.
version = 4

[[package]]
name = "maze-defence-cli"
version = "0.1.0"
dependencies = [
 "maze-defence-system-bootstrap",
 "maze-defence-world",
]

[[package]]
name = "maze-defence-core"
version = "0.1.0"

[[package]]
name = "maze-defence-system-bootstrap"
version = "0.1.0"
dependencies = [
 "maze-defence-world",
]

[[package]]
name = "maze-defence-world"
version = "0.1.0"
dependencies = [
 "maze-defence-core",
]
